
Microsoft Visual Studio Solution File, Format Version 12.00
# Visual Studio Version 16
VisualStudioVersion = 16.0.32510.428
MinimumVisualStudioVersion = 10.0.40219.1
Project("{FAE04EC0-301F-11D3-BF4B-00C04F79EFBC}") = "VehiclesProject_EL", "VehiclesProject_EL\VehiclesProject_EL.csproj", "{585D0B45-0B17-4681-A4C0-C32E2C90B9A6}"
EndProject
Project("{FAE04EC0-301F-11D3-BF4B-00C04F79EFBC}") = "VehiclesProject_DAL", "VehiclesProject_DAL\VehiclesProject_DAL.csproj", "{90D62977-22A8-4B5C-AAB8-562B6FC0463C}"
EndProject
Global
	GlobalSection(SolutionConfigurationPlatforms) = preSolution
		Debug|Any CPU = Debug|Any CPU
		Release|Any CPU = Release|Any CPU
	EndGlobalSection
	GlobalSection(ProjectConfigurationPlatforms) = postSolution
		{585D0B45-0B17-4681-A4C0-C32E2C90B9A6}.Debug|Any CPU.ActiveCfg = Debug|Any CPU
		{585D0B45-0B17-4681-A4C0-C32E2C90B9A6}.Debug|Any CPU.Build.0 = Debug|Any CPU
		{585D0B45-0B17-4681-A4C0-C32E2C90B9A6}.Release|Any CPU.ActiveCfg = Release|Any CPU
		{585D0B45-0B17-4681-A4C0-C32E2C90B9A6}.Release|Any CPU.Build.0 = Release|Any CPU
		{90D62977-22A8-4B5C-AAB8-562B6FC0463C}.Debug|Any CPU.ActiveCfg = Debug|Any CPU
		{90D62977-22A8-4B5C-AAB8-562B6FC0463C}.Debug|Any CPU.Build.0 = Debug|Any CPU
		{90D62977-22A8-4B5C-AAB8-562B6FC0463C}.Release|Any CPU.ActiveCfg = Release|Any CPU
		{90D62977-22A8-4B5C-AAB8-562B6FC0463C}.Release|Any CPU.Build.0 = Release|Any CPU
	EndGlobalSection
	GlobalSection(SolutionProperties) = preSolution
		HideSolutionNode = FALSE
	EndGlobalSection
	GlobalSection(ExtensibilityGlobals) = postSolution
		SolutionGuid = {F5848479-E25B-486A-A104-ECFC3039DF0C}
	EndGlobalSection
EndGlobal
